{
  "requires": true,
  "lockfileVersion": 1,
  "dependencies": {
    "@nestjs/config": {
      "version": "4.0.2",
      "resolved": "https://registry.npmjs.org/@nestjs/config/-/config-4.0.2.tgz",
      "integrity": "sha512-McMW6EXtpc8+CwTUwFdg6h7dYcBUpH5iUILCclAsa+MbCEvC9ZKu4dCHRlJqALuhjLw97pbQu62l4+wRwGeZqA==",
      "requires": {
        "dotenv": "16.4.7",
        "dotenv-expand": "12.0.1",
        "lodash": "4.17.21"
      }
    },
    "dotenv": {
      "version": "16.4.7",
      "resolved": "https://registry.npmjs.org/dotenv/-/dotenv-16.4.7.tgz",
      "integrity": "sha512-47qPchRCykZC03FhkYAhrvwU4xDBFIj1QPqaarj6mdM/hgUzfPHcpkHJOn3mJAufFeeAxAzeGsr5X0M4k6fLZQ=="
    },
    "dotenv-expand": {
      "version": "12.0.1",
      "resolved": "https://registry.npmjs.org/dotenv-expand/-/dotenv-expand-12.0.1.tgz",
      "integrity": "sha512-LaKRbou8gt0RNID/9RoI+J2rvXsBRPMV7p+ElHlPhcSARbCPDYcYG2s1TIzAfWv4YSgyY5taidWzzs31lNV3yQ==",
      "requires": {
        "dotenv": "^16.4.5"
      }
    },
    "lodash": {
      "version": "4.17.21",
      "resolved": "https://registry.npmjs.org/lodash/-/lodash-4.17.21.tgz",
      "integrity": "sha512-v2kDEe57lecTulaDIuNTPy3Ry4gLGJ6Z1O3vE1krgXZNrsQ+LFTGHVxVjcXPs17LhbZVGedAJv8XZ1tvj5FvSg=="
    }
  }
}
